{
  "lockfile-version": 1,
  "manifest": {
    "version": 1,
    "install": {
      "imagemagick": {
        "pkg-path": "imagemagick"
      },
      "nodejs": {
        "pkg-path": "nodejs"
      }
    },
    "hook": {
      "on-activate": "  # Autogenerated by Flox\n\n  # Install nodejs dependencies\n  npm install\n\n  # End autogenerated by Flox\n"
    },
    "profile": {},
    "options": {
      "systems": [
        "aarch64-darwin",
        "aarch64-linux",
        "x86_64-darwin",
        "x86_64-linux"
      ]
    },
    "services": {
      "web": {
        "command": "cd web && npm run web"
      }
    }
  },
  "packages": [
    {
      "attr_path": "imagemagick",
      "broken": false,
      "derivation": "/nix/store/gwvxqz5fjpxzwpfkyjf5gvhbhwcpwn7z-imagemagick-7.1.1-43.drv",
      "description": "Software suite to create, edit, compose, or convert bitmap images",
      "install_id": "imagemagick",
      "license": "Apache-2.0",
      "locked_url": "https://github.com/flox/nixpkgs?rev=eb62e6aa39ea67e0b8018ba8ea077efe65807dc8",
      "name": "imagemagick-7.1.1-43",
      "pname": "imagemagick",
      "rev": "eb62e6aa39ea67e0b8018ba8ea077efe65807dc8",
      "rev_count": 738172,
      "rev_date": "2025-01-14T19:41:48Z",
      "scrape_date": "2025-01-16T00:14:48Z",
      "stabilities": [
        "staging",
        "unstable"
      ],
      "unfree": false,
      "version": "7.1.1-43",
      "outputs_to_install": [
        "out"
      ],
      "outputs": {
        "dev": "/nix/store/i6v0zr0q3qxrr04laq3lz8l757qq8lvn-imagemagick-7.1.1-43-dev",
        "doc": "/nix/store/b0332x03230n8hm19zq1fa346v88gsh0-imagemagick-7.1.1-43-doc",
        "out": "/nix/store/wqw36sai4sbib15ydj925339ffvp1xqn-imagemagick-7.1.1-43"
      },
      "system": "aarch64-darwin",
      "group": "toplevel",
      "priority": 5
    },
    {
      "attr_path": "imagemagick",
      "broken": false,
      "derivation": "/nix/store/7bbg8kn37gynzhzrc5f9383w1cg9nl2f-imagemagick-7.1.1-43.drv",
      "description": "Software suite to create, edit, compose, or convert bitmap images",
      "install_id": "imagemagick",
      "license": "Apache-2.0",
      "locked_url": "https://github.com/flox/nixpkgs?rev=eb62e6aa39ea67e0b8018ba8ea077efe65807dc8",
      "name": "imagemagick-7.1.1-43",
      "pname": "imagemagick",
      "rev": "eb62e6aa39ea67e0b8018ba8ea077efe65807dc8",
      "rev_count": 738172,
      "rev_date": "2025-01-14T19:41:48Z",
      "scrape_date": "2025-01-16T00:14:48Z",
      "stabilities": [
        "staging",
        "unstable"
      ],
      "unfree": false,
      "version": "7.1.1-43",
      "outputs_to_install": [
        "out"
      ],
      "outputs": {
        "dev": "/nix/store/bfbdw0bcmk3yzqqq5yb1n749bvzzpgf2-imagemagick-7.1.1-43-dev",
        "doc": "/nix/store/6xw17i4pcmzaiv31sfvd6w4dih2m1pmb-imagemagick-7.1.1-43-doc",
        "out": "/nix/store/mxm3wfj0xylkziimr1i85q46vclv1b8a-imagemagick-7.1.1-43"
      },
      "system": "aarch64-linux",
      "group": "toplevel",
      "priority": 5
    },
    {
      "attr_path": "imagemagick",
      "broken": false,
      "derivation": "/nix/store/d28fagksj6xwqscbwypc2chx8apgwjfh-imagemagick-7.1.1-43.drv",
      "description": "Software suite to create, edit, compose, or convert bitmap images",
      "install_id": "imagemagick",
      "license": "Apache-2.0",
      "locked_url": "https://github.com/flox/nixpkgs?rev=eb62e6aa39ea67e0b8018ba8ea077efe65807dc8",
      "name": "imagemagick-7.1.1-43",
      "pname": "imagemagick",
      "rev": "eb62e6aa39ea67e0b8018ba8ea077efe65807dc8",
      "rev_count": 738172,
      "rev_date": "2025-01-14T19:41:48Z",
      "scrape_date": "2025-01-16T00:14:48Z",
      "stabilities": [
        "staging",
        "unstable"
      ],
      "unfree": false,
      "version": "7.1.1-43",
      "outputs_to_install": [
        "out"
      ],
      "outputs": {
        "dev": "/nix/store/9wbim3jp1hip0cgs0hk41v0fbqy28n81-imagemagick-7.1.1-43-dev",
        "doc": "/nix/store/wgjp76w0s7ixfh4nq9cfcwjasqckrbbv-imagemagick-7.1.1-43-doc",
        "out": "/nix/store/f98fn7bbq4chyrg7wabhbyqvky2yj0pv-imagemagick-7.1.1-43"
      },
      "system": "x86_64-darwin",
      "group": "toplevel",
      "priority": 5
    },
    {
      "attr_path": "imagemagick",
      "broken": false,
      "derivation": "/nix/store/00aisfn60k7vqwvnfhjvwgfgjqhhivj3-imagemagick-7.1.1-43.drv",
      "description": "Software suite to create, edit, compose, or convert bitmap images",
      "install_id": "imagemagick",
      "license": "Apache-2.0",
      "locked_url": "https://github.com/flox/nixpkgs?rev=eb62e6aa39ea67e0b8018ba8ea077efe65807dc8",
      "name": "imagemagick-7.1.1-43",
      "pname": "imagemagick",
      "rev": "eb62e6aa39ea67e0b8018ba8ea077efe65807dc8",
      "rev_count": 738172,
      "rev_date": "2025-01-14T19:41:48Z",
      "scrape_date": "2025-01-16T00:14:48Z",
      "stabilities": [
        "staging",
        "unstable"
      ],
      "unfree": false,
      "version": "7.1.1-43",
      "outputs_to_install": [
        "out"
      ],
      "outputs": {
        "dev": "/nix/store/s77ik3wgzf99lzam0m9fgkjjvss420ly-imagemagick-7.1.1-43-dev",
        "doc": "/nix/store/yfa5p3acq9dp4x3q2xr5123ksqipf5ah-imagemagick-7.1.1-43-doc",
        "out": "/nix/store/wj4gp2b1mks14ry6m25rfwkpbj0qwvc0-imagemagick-7.1.1-43"
      },
      "system": "x86_64-linux",
      "group": "toplevel",
      "priority": 5
    },
    {
      "attr_path": "nodejs",
      "broken": false,
      "derivation": "/nix/store/zh4vzz8z4g7k2p0iqpi8dfz6kgpxkgb1-nodejs-22.11.0.drv",
      "description": "Event-driven I/O framework for the V8 JavaScript engine",
      "install_id": "nodejs",
      "license": "MIT",
      "locked_url": "https://github.com/flox/nixpkgs?rev=eb62e6aa39ea67e0b8018ba8ea077efe65807dc8",
      "name": "nodejs-22.11.0",
      "pname": "nodejs",
      "rev": "eb62e6aa39ea67e0b8018ba8ea077efe65807dc8",
      "rev_count": 738172,
      "rev_date": "2025-01-14T19:41:48Z",
      "scrape_date": "2025-01-16T00:14:48Z",
      "stabilities": [
        "staging",
        "unstable"
      ],
      "unfree": false,
      "version": "22.11.0",
      "outputs_to_install": [
        "out"
      ],
      "outputs": {
        "libv8": "/nix/store/m3rxxwm6jp95kjmh4rklqn0d76biz6wm-nodejs-22.11.0-libv8",
        "out": "/nix/store/9vkabbbbyfn8hv5l1r8fm59d27imq460-nodejs-22.11.0"
      },
      "system": "aarch64-darwin",
      "group": "toplevel",
      "priority": 5
    },
    {
      "attr_path": "nodejs",
      "broken": false,
      "derivation": "/nix/store/q23y2j34i9ydidrllrm4gj857hqhvda1-nodejs-22.11.0.drv",
      "description": "Event-driven I/O framework for the V8 JavaScript engine",
      "install_id": "nodejs",
      "license": "MIT",
      "locked_url": "https://github.com/flox/nixpkgs?rev=eb62e6aa39ea67e0b8018ba8ea077efe65807dc8",
      "name": "nodejs-22.11.0",
      "pname": "nodejs",
      "rev": "eb62e6aa39ea67e0b8018ba8ea077efe65807dc8",
      "rev_count": 738172,
      "rev_date": "2025-01-14T19:41:48Z",
      "scrape_date": "2025-01-16T00:14:48Z",
      "stabilities": [
        "staging",
        "unstable"
      ],
      "unfree": false,
      "version": "22.11.0",
      "outputs_to_install": [
        "out"
      ],
      "outputs": {
        "libv8": "/nix/store/0xiwppqyszilzy9cg71c26fxg5qcxh89-nodejs-22.11.0-libv8",
        "out": "/nix/store/z2lznj5fq0wagkhj7nkgmb5yr4gyv0ws-nodejs-22.11.0"
      },
      "system": "aarch64-linux",
      "group": "toplevel",
      "priority": 5
    },
    {
      "attr_path": "nodejs",
      "broken": false,
      "derivation": "/nix/store/vzxxfv1f1i83bnjib0q144v5gndhci33-nodejs-22.11.0.drv",
      "description": "Event-driven I/O framework for the V8 JavaScript engine",
      "install_id": "nodejs",
      "license": "MIT",
      "locked_url": "https://github.com/flox/nixpkgs?rev=eb62e6aa39ea67e0b8018ba8ea077efe65807dc8",
      "name": "nodejs-22.11.0",
      "pname": "nodejs",
      "rev": "eb62e6aa39ea67e0b8018ba8ea077efe65807dc8",
      "rev_count": 738172,
      "rev_date": "2025-01-14T19:41:48Z",
      "scrape_date": "2025-01-16T00:14:48Z",
      "stabilities": [
        "staging",
        "unstable"
      ],
      "unfree": false,
      "version": "22.11.0",
      "outputs_to_install": [
        "out"
      ],
      "outputs": {
        "libv8": "/nix/store/mm87n14lp5akdjlfwh1yg4l93zm8gv9h-nodejs-22.11.0-libv8",
        "out": "/nix/store/s81s2z275wnjazk4ij3zvn6kslfa5ipf-nodejs-22.11.0"
      },
      "system": "x86_64-darwin",
      "group": "toplevel",
      "priority": 5
    },
    {
      "attr_path": "nodejs",
      "broken": false,
      "derivation": "/nix/store/542jkp10xz0nd5657bqksqwhhvjcmi9n-nodejs-22.11.0.drv",
      "description": "Event-driven I/O framework for the V8 JavaScript engine",
      "install_id": "nodejs",
      "license": "MIT",
      "locked_url": "https://github.com/flox/nixpkgs?rev=eb62e6aa39ea67e0b8018ba8ea077efe65807dc8",
      "name": "nodejs-22.11.0",
      "pname": "nodejs",
      "rev": "eb62e6aa39ea67e0b8018ba8ea077efe65807dc8",
      "rev_count": 738172,
      "rev_date": "2025-01-14T19:41:48Z",
      "scrape_date": "2025-01-16T00:14:48Z",
      "stabilities": [
        "staging",
        "unstable"
      ],
      "unfree": false,
      "version": "22.11.0",
      "outputs_to_install": [
        "out"
      ],
      "outputs": {
        "libv8": "/nix/store/fyaac3q8qn3zfxy72airfabm3dakmgf5-nodejs-22.11.0-libv8",
        "out": "/nix/store/fkyp1bm5gll9adnfcj92snyym524mdrj-nodejs-22.11.0"
      },
      "system": "x86_64-linux",
      "group": "toplevel",
      "priority": 5
    }
  ]
}