{
  "lockfile-version": 1,
  "manifest": {
    "version": 1,
    "install": {
      "imagemagick": {
        "pkg-path": "imagemagick"
      },
      "nodejs": {
        "pkg-path": "nodejs"
      },
      "playwright": {
        "pkg-path": "playwright",
        "version": "1.54.1"
      }
    },
    "vars": {
      "JONO_FLOX": "yes!",
      "PLAYWRIGHT_SKIP_VALIDATE_HOST_REQUIREMENTS": "true"
    },
    "hook": {
      "on-activate": "  # Autogenerated by Flox\n\n  # Install nodejs dependencies\n  npm install\n\n  # End autogenerated by Flox\n"
    },
    "profile": {
      "common": "\n",
      "fish": "set -x PLAYWRIGHT_BROWSERS_PATH $(nix build --print-out-paths nixpkgs#playwright.browsers)\n"
    },
    "options": {
      "systems": [
        "aarch64-darwin",
        "aarch64-linux",
        "x86_64-darwin",
        "x86_64-linux"
      ]
    },
    "services": {
      "web": {
        "command": "cd web && npm run web"
      }
    }
  },
  "packages": [
    {
      "attr_path": "imagemagick",
      "broken": false,
      "derivation": "/nix/store/h5pj245w1lpgff141vjjiq9ckb6nlx4m-imagemagick-7.1.2-8.drv",
      "description": "Software suite to create, edit, compose, or convert bitmap images",
      "install_id": "imagemagick",
      "license": "Apache-2.0",
      "locked_url": "https://github.com/flox/nixpkgs?rev=418468ac9527e799809c900eda37cbff999199b6",
      "name": "imagemagick-7.1.2-8",
      "pname": "imagemagick",
      "rev": "418468ac9527e799809c900eda37cbff999199b6",
      "rev_count": 905402,
      "rev_date": "2025-12-02T09:27:49Z",
      "scrape_date": "2025-12-04T02:53:55.317018Z",
      "stabilities": [
        "unstable"
      ],
      "unfree": false,
      "version": "7.1.2-8",
      "outputs_to_install": [
        "out"
      ],
      "outputs": {
        "dev": "/nix/store/0a3ysi0dx9iz1i5v0xj85zzc8yjavlrv-imagemagick-7.1.2-8-dev",
        "doc": "/nix/store/1qna9ngsjxq8hy9chg8hqwsy1lg0f6bw-imagemagick-7.1.2-8-doc",
        "out": "/nix/store/dzaplnfxc976z4dm94vb5c7kc8956nks-imagemagick-7.1.2-8"
      },
      "system": "aarch64-darwin",
      "group": "toplevel",
      "priority": 5
    },
    {
      "attr_path": "imagemagick",
      "broken": false,
      "derivation": "/nix/store/74ikbb0z6zqi17vv6qq0iy17kvd88wbj-imagemagick-7.1.2-8.drv",
      "description": "Software suite to create, edit, compose, or convert bitmap images",
      "install_id": "imagemagick",
      "license": "Apache-2.0",
      "locked_url": "https://github.com/flox/nixpkgs?rev=418468ac9527e799809c900eda37cbff999199b6",
      "name": "imagemagick-7.1.2-8",
      "pname": "imagemagick",
      "rev": "418468ac9527e799809c900eda37cbff999199b6",
      "rev_count": 905402,
      "rev_date": "2025-12-02T09:27:49Z",
      "scrape_date": "2025-12-04T03:02:39.324134Z",
      "stabilities": [
        "unstable"
      ],
      "unfree": false,
      "version": "7.1.2-8",
      "outputs_to_install": [
        "out"
      ],
      "outputs": {
        "dev": "/nix/store/gwvsj5l3bpx6jbh5a3qnfk11s3awa8ll-imagemagick-7.1.2-8-dev",
        "doc": "/nix/store/znvckz4a0dlfwzpdwbwgfffmidp1baig-imagemagick-7.1.2-8-doc",
        "out": "/nix/store/7blk6gy4bmi3vrm7k6z0vkw1a2f1janp-imagemagick-7.1.2-8"
      },
      "system": "aarch64-linux",
      "group": "toplevel",
      "priority": 5
    },
    {
      "attr_path": "imagemagick",
      "broken": false,
      "derivation": "/nix/store/imlwh8q0ka4h3ls4fwsrq13kb3ih3xr7-imagemagick-7.1.2-8.drv",
      "description": "Software suite to create, edit, compose, or convert bitmap images",
      "install_id": "imagemagick",
      "license": "Apache-2.0",
      "locked_url": "https://github.com/flox/nixpkgs?rev=418468ac9527e799809c900eda37cbff999199b6",
      "name": "imagemagick-7.1.2-8",
      "pname": "imagemagick",
      "rev": "418468ac9527e799809c900eda37cbff999199b6",
      "rev_count": 905402,
      "rev_date": "2025-12-02T09:27:49Z",
      "scrape_date": "2025-12-04T03:11:57.694771Z",
      "stabilities": [
        "unstable"
      ],
      "unfree": false,
      "version": "7.1.2-8",
      "outputs_to_install": [
        "out"
      ],
      "outputs": {
        "dev": "/nix/store/58j6z4b5pg55xvq99pbgk9bd0i30xzcl-imagemagick-7.1.2-8-dev",
        "doc": "/nix/store/aw9v3sdqm8023qq8z7nkf62b3w3jbi47-imagemagick-7.1.2-8-doc",
        "out": "/nix/store/xj3hbbcfbr8dgviwg8yaw6bnw5asxbs3-imagemagick-7.1.2-8"
      },
      "system": "x86_64-darwin",
      "group": "toplevel",
      "priority": 5
    },
    {
      "attr_path": "imagemagick",
      "broken": false,
      "derivation": "/nix/store/7ss86p3m020zc69s7y0pp7pra0yprcpd-imagemagick-7.1.2-8.drv",
      "description": "Software suite to create, edit, compose, or convert bitmap images",
      "install_id": "imagemagick",
      "license": "Apache-2.0",
      "locked_url": "https://github.com/flox/nixpkgs?rev=418468ac9527e799809c900eda37cbff999199b6",
      "name": "imagemagick-7.1.2-8",
      "pname": "imagemagick",
      "rev": "418468ac9527e799809c900eda37cbff999199b6",
      "rev_count": 905402,
      "rev_date": "2025-12-02T09:27:49Z",
      "scrape_date": "2025-12-04T03:20:27.677392Z",
      "stabilities": [
        "unstable"
      ],
      "unfree": false,
      "version": "7.1.2-8",
      "outputs_to_install": [
        "out"
      ],
      "outputs": {
        "dev": "/nix/store/7dshaawa31ri8g7qffb3kbgy3jwqhkl2-imagemagick-7.1.2-8-dev",
        "doc": "/nix/store/lp3vnmaw0w0lnkmy1b15qa3ay7cr73fv-imagemagick-7.1.2-8-doc",
        "out": "/nix/store/xdckbi96kj51j8qxbj2m6bag3v83hn8q-imagemagick-7.1.2-8"
      },
      "system": "x86_64-linux",
      "group": "toplevel",
      "priority": 5
    },
    {
      "attr_path": "nodejs",
      "broken": false,
      "derivation": "/nix/store/x9g1nm5wwc7bycyw0q9k8fl03brz5yar-nodejs-22.21.1.drv",
      "description": "Event-driven I/O framework for the V8 JavaScript engine",
      "install_id": "nodejs",
      "license": "MIT",
      "locked_url": "https://github.com/flox/nixpkgs?rev=418468ac9527e799809c900eda37cbff999199b6",
      "name": "nodejs-22.21.1",
      "pname": "nodejs",
      "rev": "418468ac9527e799809c900eda37cbff999199b6",
      "rev_count": 905402,
      "rev_date": "2025-12-02T09:27:49Z",
      "scrape_date": "2025-12-04T02:54:03.526875Z",
      "stabilities": [
        "unstable"
      ],
      "unfree": false,
      "version": "22.21.1",
      "outputs_to_install": [
        "out"
      ],
      "outputs": {
        "dev": "/nix/store/bkir3agnj2cvpx80a0z1lj50pg2dhddi-nodejs-22.21.1-dev",
        "libv8": "/nix/store/ivbmw7d10pxzkrz5397bimhqwwlrc8gp-nodejs-22.21.1-libv8",
        "out": "/nix/store/92igwjsd6av0pg8dvygirhdwahwq2sh7-nodejs-22.21.1"
      },
      "system": "aarch64-darwin",
      "group": "toplevel",
      "priority": 5
    },
    {
      "attr_path": "nodejs",
      "broken": false,
      "derivation": "/nix/store/07m9qkb2rvy59x90w3hi9nykdxf409x8-nodejs-22.21.1.drv",
      "description": "Event-driven I/O framework for the V8 JavaScript engine",
      "install_id": "nodejs",
      "license": "MIT",
      "locked_url": "https://github.com/flox/nixpkgs?rev=418468ac9527e799809c900eda37cbff999199b6",
      "name": "nodejs-22.21.1",
      "pname": "nodejs",
      "rev": "418468ac9527e799809c900eda37cbff999199b6",
      "rev_count": 905402,
      "rev_date": "2025-12-02T09:27:49Z",
      "scrape_date": "2025-12-04T03:02:56.905992Z",
      "stabilities": [
        "unstable"
      ],
      "unfree": false,
      "version": "22.21.1",
      "outputs_to_install": [
        "out"
      ],
      "outputs": {
        "dev": "/nix/store/1akvaqvrp0cf6pd7mkqy7m3gnzc3wfd7-nodejs-22.21.1-dev",
        "libv8": "/nix/store/ykj9hi9qv7gwxnbg2vh6ca00w9zsbhm0-nodejs-22.21.1-libv8",
        "out": "/nix/store/hps7k16bd9isj7pfsjzg7q0wgvrw47kn-nodejs-22.21.1"
      },
      "system": "aarch64-linux",
      "group": "toplevel",
      "priority": 5
    },
    {
      "attr_path": "nodejs",
      "broken": false,
      "derivation": "/nix/store/j1fpqmshmrxx52k2xqqrv5c718y6sjih-nodejs-22.21.1.drv",
      "description": "Event-driven I/O framework for the V8 JavaScript engine",
      "install_id": "nodejs",
      "license": "MIT",
      "locked_url": "https://github.com/flox/nixpkgs?rev=418468ac9527e799809c900eda37cbff999199b6",
      "name": "nodejs-22.21.1",
      "pname": "nodejs",
      "rev": "418468ac9527e799809c900eda37cbff999199b6",
      "rev_count": 905402,
      "rev_date": "2025-12-02T09:27:49Z",
      "scrape_date": "2025-12-04T03:12:05.318757Z",
      "stabilities": [
        "unstable"
      ],
      "unfree": false,
      "version": "22.21.1",
      "outputs_to_install": [
        "out"
      ],
      "outputs": {
        "dev": "/nix/store/haa4773lz7wfhnql05181azh4z5141r7-nodejs-22.21.1-dev",
        "libv8": "/nix/store/0pswqdxlx8y0v54gq0ixwps19agv6bds-nodejs-22.21.1-libv8",
        "out": "/nix/store/wfjyiwara336j7r1v0ia3kib8779wzwf-nodejs-22.21.1"
      },
      "system": "x86_64-darwin",
      "group": "toplevel",
      "priority": 5
    },
    {
      "attr_path": "nodejs",
      "broken": false,
      "derivation": "/nix/store/wjimqspfnxjp5y11703a1rz75cbvj4ph-nodejs-22.21.1.drv",
      "description": "Event-driven I/O framework for the V8 JavaScript engine",
      "install_id": "nodejs",
      "license": "MIT",
      "locked_url": "https://github.com/flox/nixpkgs?rev=418468ac9527e799809c900eda37cbff999199b6",
      "name": "nodejs-22.21.1",
      "pname": "nodejs",
      "rev": "418468ac9527e799809c900eda37cbff999199b6",
      "rev_count": 905402,
      "rev_date": "2025-12-02T09:27:49Z",
      "scrape_date": "2025-12-04T03:20:46.023683Z",
      "stabilities": [
        "unstable"
      ],
      "unfree": false,
      "version": "22.21.1",
      "outputs_to_install": [
        "out"
      ],
      "outputs": {
        "dev": "/nix/store/l1idqv7ff0m2kbcqnn1yr415wyga1wxf-nodejs-22.21.1-dev",
        "libv8": "/nix/store/farc7vk89kr367hsx0qchmahf6i6sbk1-nodejs-22.21.1-libv8",
        "out": "/nix/store/l85fis49agvp5q1ild1rfh4rrgmn92sr-nodejs-22.21.1"
      },
      "system": "x86_64-linux",
      "group": "toplevel",
      "priority": 5
    },
    {
      "attr_path": "playwright",
      "broken": false,
      "derivation": "/nix/store/asp4jjm3kgxz10w826vzqpdkn40c08sr-playwright-core-1.54.1.drv",
      "description": "Framework for Web Testing and Automation",
      "install_id": "playwright",
      "license": "Apache-2.0",
      "locked_url": "https://github.com/flox/nixpkgs?rev=418468ac9527e799809c900eda37cbff999199b6",
      "name": "playwright-core-1.54.1",
      "pname": "playwright",
      "rev": "418468ac9527e799809c900eda37cbff999199b6",
      "rev_count": 905402,
      "rev_date": "2025-12-02T09:27:49Z",
      "scrape_date": "2025-12-04T02:54:18.237274Z",
      "stabilities": [
        "unstable"
      ],
      "unfree": false,
      "version": "1.54.1",
      "outputs_to_install": [
        "out"
      ],
      "outputs": {
        "out": "/nix/store/az6p64h0rya6msrc8yadh4nl1c8n3b48-playwright-core-1.54.1"
      },
      "system": "aarch64-darwin",
      "group": "toplevel",
      "priority": 5
    },
    {
      "attr_path": "playwright",
      "broken": false,
      "derivation": "/nix/store/qfqg6hc7by4ai4ww2xxr3qyvfirm3i52-playwright-core-1.54.1.drv",
      "description": "Framework for Web Testing and Automation",
      "install_id": "playwright",
      "license": "Apache-2.0",
      "locked_url": "https://github.com/flox/nixpkgs?rev=418468ac9527e799809c900eda37cbff999199b6",
      "name": "playwright-core-1.54.1",
      "pname": "playwright",
      "rev": "418468ac9527e799809c900eda37cbff999199b6",
      "rev_count": 905402,
      "rev_date": "2025-12-02T09:27:49Z",
      "scrape_date": "2025-12-04T03:03:17.228539Z",
      "stabilities": [
        "unstable"
      ],
      "unfree": false,
      "version": "1.54.1",
      "outputs_to_install": [
        "out"
      ],
      "outputs": {
        "out": "/nix/store/8m2h2jgrrcc342zxid66paamwbhw94wd-playwright-core-1.54.1"
      },
      "system": "aarch64-linux",
      "group": "toplevel",
      "priority": 5
    },
    {
      "attr_path": "playwright",
      "broken": false,
      "derivation": "/nix/store/fd3m7yldcrzcm0l1n4bfpp21mjkxz8s8-playwright-core-1.54.1.drv",
      "description": "Framework for Web Testing and Automation",
      "install_id": "playwright",
      "license": "Apache-2.0",
      "locked_url": "https://github.com/flox/nixpkgs?rev=418468ac9527e799809c900eda37cbff999199b6",
      "name": "playwright-core-1.54.1",
      "pname": "playwright",
      "rev": "418468ac9527e799809c900eda37cbff999199b6",
      "rev_count": 905402,
      "rev_date": "2025-12-02T09:27:49Z",
      "scrape_date": "2025-12-04T03:12:18.965972Z",
      "stabilities": [
        "unstable"
      ],
      "unfree": false,
      "version": "1.54.1",
      "outputs_to_install": [
        "out"
      ],
      "outputs": {
        "out": "/nix/store/gsd44kylg5ff94axiaqsb5dkcaz22srb-playwright-core-1.54.1"
      },
      "system": "x86_64-darwin",
      "group": "toplevel",
      "priority": 5
    },
    {
      "attr_path": "playwright",
      "broken": false,
      "derivation": "/nix/store/41gka6a6pqdc6bsgnw2fdgn78jjv7d12-playwright-core-1.54.1.drv",
      "description": "Framework for Web Testing and Automation",
      "install_id": "playwright",
      "license": "Apache-2.0",
      "locked_url": "https://github.com/flox/nixpkgs?rev=418468ac9527e799809c900eda37cbff999199b6",
      "name": "playwright-core-1.54.1",
      "pname": "playwright",
      "rev": "418468ac9527e799809c900eda37cbff999199b6",
      "rev_count": 905402,
      "rev_date": "2025-12-02T09:27:49Z",
      "scrape_date": "2025-12-04T03:21:06.145093Z",
      "stabilities": [
        "unstable"
      ],
      "unfree": false,
      "version": "1.54.1",
      "outputs_to_install": [
        "out"
      ],
      "outputs": {
        "out": "/nix/store/9p4gil2ka4riqdvw9ckdl5hzj8zmfz2v-playwright-core-1.54.1"
      },
      "system": "x86_64-linux",
      "group": "toplevel",
      "priority": 5
    }
  ]
}