{
  "lockfile-version": 1,
  "manifest": {
    "version": 1,
    "install": {
      "imagemagick": {
        "pkg-path": "imagemagick"
      },
      "nodejs": {
        "pkg-path": "nodejs"
      }
    },
    "hook": {
      "on-activate": "  # Autogenerated by Flox\n\n  # Install nodejs dependencies\n  npm install\n\n  # End autogenerated by Flox\n"
    },
    "profile": {},
    "options": {
      "systems": [
        "aarch64-darwin",
        "aarch64-linux",
        "x86_64-darwin",
        "x86_64-linux"
      ]
    },
    "services": {
      "web": {
        "command": "cd web && npm run web"
      }
    }
  },
  "packages": [
    {
      "attr_path": "imagemagick",
      "broken": false,
      "derivation": "/nix/store/13lpza7c96m05v8a6lhg0b2rjzjx87vy-imagemagick-7.1.2-1.drv",
      "description": "Software suite to create, edit, compose, or convert bitmap images",
      "install_id": "imagemagick",
      "license": "Apache-2.0",
      "locked_url": "https://github.com/flox/nixpkgs?rev=3b9f00d7a7bf68acd4c4abb9d43695afb04e03a5",
      "name": "imagemagick-7.1.2-1",
      "pname": "imagemagick",
      "rev": "3b9f00d7a7bf68acd4c4abb9d43695afb04e03a5",
      "rev_count": 851350,
      "rev_date": "2025-08-25T12:36:38Z",
      "scrape_date": "2025-08-27T03:44:32.017739Z",
      "stabilities": [
        "unstable"
      ],
      "unfree": false,
      "version": "7.1.2-1",
      "outputs_to_install": [
        "out"
      ],
      "outputs": {
        "dev": "/nix/store/6sg5fpybzyqsdh54p9cypczwpsrjfghb-imagemagick-7.1.2-1-dev",
        "doc": "/nix/store/wfi46g7ilblpj6synbjx4pcfclx5iicr-imagemagick-7.1.2-1-doc",
        "out": "/nix/store/7vv69s6jkalq1h2wzhqza4x5pjlxyd6l-imagemagick-7.1.2-1"
      },
      "system": "aarch64-darwin",
      "group": "toplevel",
      "priority": 5
    },
    {
      "attr_path": "imagemagick",
      "broken": false,
      "derivation": "/nix/store/9zxfsz2r5bszjv6h3vqi4bpfp0fzdfbq-imagemagick-7.1.2-1.drv",
      "description": "Software suite to create, edit, compose, or convert bitmap images",
      "install_id": "imagemagick",
      "license": "Apache-2.0",
      "locked_url": "https://github.com/flox/nixpkgs?rev=3b9f00d7a7bf68acd4c4abb9d43695afb04e03a5",
      "name": "imagemagick-7.1.2-1",
      "pname": "imagemagick",
      "rev": "3b9f00d7a7bf68acd4c4abb9d43695afb04e03a5",
      "rev_count": 851350,
      "rev_date": "2025-08-25T12:36:38Z",
      "scrape_date": "2025-08-27T04:14:05.668375Z",
      "stabilities": [
        "unstable"
      ],
      "unfree": false,
      "version": "7.1.2-1",
      "outputs_to_install": [
        "out"
      ],
      "outputs": {
        "dev": "/nix/store/nwpisjlx049bi4xpna8zkscds9qpbihp-imagemagick-7.1.2-1-dev",
        "doc": "/nix/store/glzki146ysn5464ckrqfwlcpzrn5jg1f-imagemagick-7.1.2-1-doc",
        "out": "/nix/store/znc9k51hkrxijxpmbf8ryhi38ihgij60-imagemagick-7.1.2-1"
      },
      "system": "aarch64-linux",
      "group": "toplevel",
      "priority": 5
    },
    {
      "attr_path": "imagemagick",
      "broken": false,
      "derivation": "/nix/store/2ny8ibl21vnmxjslpxm93abvwmlgn5rg-imagemagick-7.1.2-1.drv",
      "description": "Software suite to create, edit, compose, or convert bitmap images",
      "install_id": "imagemagick",
      "license": "Apache-2.0",
      "locked_url": "https://github.com/flox/nixpkgs?rev=3b9f00d7a7bf68acd4c4abb9d43695afb04e03a5",
      "name": "imagemagick-7.1.2-1",
      "pname": "imagemagick",
      "rev": "3b9f00d7a7bf68acd4c4abb9d43695afb04e03a5",
      "rev_count": 851350,
      "rev_date": "2025-08-25T12:36:38Z",
      "scrape_date": "2025-08-27T04:40:56.243524Z",
      "stabilities": [
        "unstable"
      ],
      "unfree": false,
      "version": "7.1.2-1",
      "outputs_to_install": [
        "out"
      ],
      "outputs": {
        "dev": "/nix/store/qlq3xpkgsksf2758pbm77cb71g7pic6g-imagemagick-7.1.2-1-dev",
        "doc": "/nix/store/s3v77dz598diaypp9bw6vybzjkqq9car-imagemagick-7.1.2-1-doc",
        "out": "/nix/store/50x3rvaxx67dyklbwyydvj3ays7mz2ll-imagemagick-7.1.2-1"
      },
      "system": "x86_64-darwin",
      "group": "toplevel",
      "priority": 5
    },
    {
      "attr_path": "imagemagick",
      "broken": false,
      "derivation": "/nix/store/lkps5viyf3800gbw76323phch1g3wvrf-imagemagick-7.1.2-1.drv",
      "description": "Software suite to create, edit, compose, or convert bitmap images",
      "install_id": "imagemagick",
      "license": "Apache-2.0",
      "locked_url": "https://github.com/flox/nixpkgs?rev=3b9f00d7a7bf68acd4c4abb9d43695afb04e03a5",
      "name": "imagemagick-7.1.2-1",
      "pname": "imagemagick",
      "rev": "3b9f00d7a7bf68acd4c4abb9d43695afb04e03a5",
      "rev_count": 851350,
      "rev_date": "2025-08-25T12:36:38Z",
      "scrape_date": "2025-08-27T05:12:48.792955Z",
      "stabilities": [
        "unstable"
      ],
      "unfree": false,
      "version": "7.1.2-1",
      "outputs_to_install": [
        "out"
      ],
      "outputs": {
        "dev": "/nix/store/iv44dyg1y0x23jgbd86ygr11jxf8glxc-imagemagick-7.1.2-1-dev",
        "doc": "/nix/store/dd0l5zl1z0wx8lg7xvavi35v4m1a2l2p-imagemagick-7.1.2-1-doc",
        "out": "/nix/store/c537zj4s5q726ahg0yjagxjnhwigpv4x-imagemagick-7.1.2-1"
      },
      "system": "x86_64-linux",
      "group": "toplevel",
      "priority": 5
    },
    {
      "attr_path": "nodejs",
      "broken": false,
      "derivation": "/nix/store/0a9kkw6mh0f80jfq1nf9767hvg5gr71k-nodejs-22.18.0.drv",
      "description": "Event-driven I/O framework for the V8 JavaScript engine",
      "install_id": "nodejs",
      "license": "MIT",
      "locked_url": "https://github.com/flox/nixpkgs?rev=3b9f00d7a7bf68acd4c4abb9d43695afb04e03a5",
      "name": "nodejs-22.18.0",
      "pname": "nodejs",
      "rev": "3b9f00d7a7bf68acd4c4abb9d43695afb04e03a5",
      "rev_count": 851350,
      "rev_date": "2025-08-25T12:36:38Z",
      "scrape_date": "2025-08-27T03:44:34.913212Z",
      "stabilities": [
        "unstable"
      ],
      "unfree": false,
      "version": "22.18.0",
      "outputs_to_install": [
        "out"
      ],
      "outputs": {
        "dev": "/nix/store/4617bdwn34769c3bxkx9qgyzjh890qvf-nodejs-22.18.0-dev",
        "libv8": "/nix/store/89zl005215fzsfsbq3ar5dff44c2v3f9-nodejs-22.18.0-libv8",
        "out": "/nix/store/9yqq8szyz3qx8q6xlv1s3arhw4112wc8-nodejs-22.18.0"
      },
      "system": "aarch64-darwin",
      "group": "toplevel",
      "priority": 5
    },
    {
      "attr_path": "nodejs",
      "broken": false,
      "derivation": "/nix/store/1si9aramx1b8n9dgnaymh4s0v73zng5h-nodejs-22.18.0.drv",
      "description": "Event-driven I/O framework for the V8 JavaScript engine",
      "install_id": "nodejs",
      "license": "MIT",
      "locked_url": "https://github.com/flox/nixpkgs?rev=3b9f00d7a7bf68acd4c4abb9d43695afb04e03a5",
      "name": "nodejs-22.18.0",
      "pname": "nodejs",
      "rev": "3b9f00d7a7bf68acd4c4abb9d43695afb04e03a5",
      "rev_count": 851350,
      "rev_date": "2025-08-25T12:36:38Z",
      "scrape_date": "2025-08-27T04:14:14.354683Z",
      "stabilities": [
        "unstable"
      ],
      "unfree": false,
      "version": "22.18.0",
      "outputs_to_install": [
        "out"
      ],
      "outputs": {
        "dev": "/nix/store/0nzhmyzfcgynya9yy6gsp66bk47nq8s3-nodejs-22.18.0-dev",
        "libv8": "/nix/store/5zfqiqmnv1xlx0fv0zy28hwcm332vdm1-nodejs-22.18.0-libv8",
        "out": "/nix/store/sswndb8p93xa94x53769zh3lhci99g8f-nodejs-22.18.0"
      },
      "system": "aarch64-linux",
      "group": "toplevel",
      "priority": 5
    },
    {
      "attr_path": "nodejs",
      "broken": false,
      "derivation": "/nix/store/5cxy82gwm7zl4fxbfkj6ah23j9j5wbd6-nodejs-22.18.0.drv",
      "description": "Event-driven I/O framework for the V8 JavaScript engine",
      "install_id": "nodejs",
      "license": "MIT",
      "locked_url": "https://github.com/flox/nixpkgs?rev=3b9f00d7a7bf68acd4c4abb9d43695afb04e03a5",
      "name": "nodejs-22.18.0",
      "pname": "nodejs",
      "rev": "3b9f00d7a7bf68acd4c4abb9d43695afb04e03a5",
      "rev_count": 851350,
      "rev_date": "2025-08-25T12:36:38Z",
      "scrape_date": "2025-08-27T04:40:59.358189Z",
      "stabilities": [
        "unstable"
      ],
      "unfree": false,
      "version": "22.18.0",
      "outputs_to_install": [
        "out"
      ],
      "outputs": {
        "dev": "/nix/store/f39fwzjpkj0hn26f3av1smbl0lmabizj-nodejs-22.18.0-dev",
        "libv8": "/nix/store/w90f0kd8h7893i6l8jmh01z3zsr514q0-nodejs-22.18.0-libv8",
        "out": "/nix/store/c5d89lgzr7np5pfv9l02vcnd84mg4gj4-nodejs-22.18.0"
      },
      "system": "x86_64-darwin",
      "group": "toplevel",
      "priority": 5
    },
    {
      "attr_path": "nodejs",
      "broken": false,
      "derivation": "/nix/store/6hkkd1197yqg4n9k2vk8phx098gn1axv-nodejs-22.18.0.drv",
      "description": "Event-driven I/O framework for the V8 JavaScript engine",
      "install_id": "nodejs",
      "license": "MIT",
      "locked_url": "https://github.com/flox/nixpkgs?rev=3b9f00d7a7bf68acd4c4abb9d43695afb04e03a5",
      "name": "nodejs-22.18.0",
      "pname": "nodejs",
      "rev": "3b9f00d7a7bf68acd4c4abb9d43695afb04e03a5",
      "rev_count": 851350,
      "rev_date": "2025-08-25T12:36:38Z",
      "scrape_date": "2025-08-27T05:12:58.629782Z",
      "stabilities": [
        "unstable"
      ],
      "unfree": false,
      "version": "22.18.0",
      "outputs_to_install": [
        "out"
      ],
      "outputs": {
        "dev": "/nix/store/mjgd69ahrwz5skifd30a87l1gb7yc785-nodejs-22.18.0-dev",
        "libv8": "/nix/store/j5lyv0imv3iiwbqyqc1v9vdscwylmk56-nodejs-22.18.0-libv8",
        "out": "/nix/store/9d235766g7alzlalw4z8yqxql0jl2mgd-nodejs-22.18.0"
      },
      "system": "x86_64-linux",
      "group": "toplevel",
      "priority": 5
    }
  ]
}